
Microsoft Visual Studio Solution File, Format Version 12.00
# Visual Studio Version 16
VisualStudioVersion = 16.0.31005.135
MinimumVisualStudioVersion = 10.0.40219.1
Project("{FAE04EC0-301F-11D3-BF4B-00C04F79EFBC}") = "AplCslExercicio16", "AplCslExercicio16\AplCslExercicio16.csproj", "{1926E248-AC8E-4A7A-879C-9600A660BBDF}"
EndProject
Global
	GlobalSection(SolutionConfigurationPlatforms) = preSolution
		Debug|Any CPU = Debug|Any CPU
		Release|Any CPU = Release|Any CPU
	EndGlobalSection
	GlobalSection(ProjectConfigurationPlatforms) = postSolution
		{1926E248-AC8E-4A7A-879C-9600A660BBDF}.Debug|Any CPU.ActiveCfg = Debug|Any CPU
		{1926E248-AC8E-4A7A-879C-9600A660BBDF}.Debug|Any CPU.Build.0 = Debug|Any CPU
		{1926E248-AC8E-4A7A-879C-9600A660BBDF}.Release|Any CPU.ActiveCfg = Release|Any CPU
		{1926E248-AC8E-4A7A-879C-9600A660BBDF}.Release|Any CPU.Build.0 = Release|Any CPU
	EndGlobalSection
	GlobalSection(SolutionProperties) = preSolution
		HideSolutionNode = FALSE
	EndGlobalSection
	GlobalSection(ExtensibilityGlobals) = postSolution
		SolutionGuid = {BF272E86-E449-4E1A-A3CD-5F8E748287DC}
	EndGlobalSection
EndGlobal
