
Microsoft Visual Studio Solution File, Format Version 12.00
# Visual Studio Version 16
VisualStudioVersion = 16.0.31005.135
MinimumVisualStudioVersion = 10.0.40219.1
Project("{FAE04EC0-301F-11D3-BF4B-00C04F79EFBC}") = "AplCslExercicio1", "AplCslExercicio1\AplCslExercicio1.csproj", "{C0422359-F654-4985-B997-7F742B6219CC}"
EndProject
Global
	GlobalSection(SolutionConfigurationPlatforms) = preSolution
		Debug|Any CPU = Debug|Any CPU
		Release|Any CPU = Release|Any CPU
	EndGlobalSection
	GlobalSection(ProjectConfigurationPlatforms) = postSolution
		{C0422359-F654-4985-B997-7F742B6219CC}.Debug|Any CPU.ActiveCfg = Debug|Any CPU
		{C0422359-F654-4985-B997-7F742B6219CC}.Debug|Any CPU.Build.0 = Debug|Any CPU
		{C0422359-F654-4985-B997-7F742B6219CC}.Release|Any CPU.ActiveCfg = Release|Any CPU
		{C0422359-F654-4985-B997-7F742B6219CC}.Release|Any CPU.Build.0 = Release|Any CPU
	EndGlobalSection
	GlobalSection(SolutionProperties) = preSolution
		HideSolutionNode = FALSE
	EndGlobalSection
	GlobalSection(ExtensibilityGlobals) = postSolution
		SolutionGuid = {2F0DB240-09C6-42EE-8843-1B298117D970}
	EndGlobalSection
EndGlobal
