
Microsoft Visual Studio Solution File, Format Version 12.00
# Visual Studio Version 16
VisualStudioVersion = 16.0.31005.135
MinimumVisualStudioVersion = 10.0.40219.1
Project("{FAE04EC0-301F-11D3-BF4B-00C04F79EFBC}") = "AplWFAExercicio7", "AplWFAExercicio7\AplWFAExercicio7.csproj", "{7C47DCAC-4372-45F9-815A-E6C2E181C40D}"
EndProject
Global
	GlobalSection(SolutionConfigurationPlatforms) = preSolution
		Debug|Any CPU = Debug|Any CPU
		Release|Any CPU = Release|Any CPU
	EndGlobalSection
	GlobalSection(ProjectConfigurationPlatforms) = postSolution
		{7C47DCAC-4372-45F9-815A-E6C2E181C40D}.Debug|Any CPU.ActiveCfg = Debug|Any CPU
		{7C47DCAC-4372-45F9-815A-E6C2E181C40D}.Debug|Any CPU.Build.0 = Debug|Any CPU
		{7C47DCAC-4372-45F9-815A-E6C2E181C40D}.Release|Any CPU.ActiveCfg = Release|Any CPU
		{7C47DCAC-4372-45F9-815A-E6C2E181C40D}.Release|Any CPU.Build.0 = Release|Any CPU
	EndGlobalSection
	GlobalSection(SolutionProperties) = preSolution
		HideSolutionNode = FALSE
	EndGlobalSection
	GlobalSection(ExtensibilityGlobals) = postSolution
		SolutionGuid = {DA49A3DC-5700-4530-BD2B-5A8786DB6958}
	EndGlobalSection
EndGlobal
